
Microsoft Visual Studio Solution File, Format Version 12.00
# Visual Studio Version 17
VisualStudioVersion = 17.11.35219.272
MinimumVisualStudioVersion = 10.0.40219.1
Project("{FAE04EC0-301F-11D3-BF4B-00C04F79EFBC}") = "ecommerce", "ecommerce\ecommerce.csproj", "{B17DB5C5-B0BE-453E-A774-D04A1C73EC01}"
EndProject
Global
	GlobalSection(SolutionConfigurationPlatforms) = preSolution
		Debug|Any CPU = Debug|Any CPU
		Release|Any CPU = Release|Any CPU
	EndGlobalSection
	GlobalSection(ProjectConfigurationPlatforms) = postSolution
		{B17DB5C5-B0BE-453E-A774-D04A1C73EC01}.Debug|Any CPU.ActiveCfg = Debug|Any CPU
		{B17DB5C5-B0BE-453E-A774-D04A1C73EC01}.Debug|Any CPU.Build.0 = Debug|Any CPU
		{B17DB5C5-B0BE-453E-A774-D04A1C73EC01}.Release|Any CPU.ActiveCfg = Release|Any CPU
		{B17DB5C5-B0BE-453E-A774-D04A1C73EC01}.Release|Any CPU.Build.0 = Release|Any CPU
	EndGlobalSection
	GlobalSection(SolutionProperties) = preSolution
		HideSolutionNode = FALSE
	EndGlobalSection
	GlobalSection(ExtensibilityGlobals) = postSolution
		SolutionGuid = {4A4619F3-DB04-47B7-A165-B4AD1DA9BE6F}
	EndGlobalSection
EndGlobal
